
Microsoft Visual Studio Solution File, Format Version 12.00
# Visual Studio Version 17
VisualStudioVersion = 17.9.34902.65
MinimumVisualStudioVersion = 10.0.40219.1
Project("{FAE04EC0-301F-11D3-BF4B-00C04F79EFBC}") = "CRUDWinFormsMVP", "CRUDWinFormsMVP\CRUDWinFormsMVP.csproj", "{612C2779-5C1A-45BD-B832-28E7C947DEF7}"
EndProject
Global
	GlobalSection(SolutionConfigurationPlatforms) = preSolution
		Debug|Any CPU = Debug|Any CPU
		Release|Any CPU = Release|Any CPU
	EndGlobalSection
	GlobalSection(ProjectConfigurationPlatforms) = postSolution
		{612C2779-5C1A-45BD-B832-28E7C947DEF7}.Debug|Any CPU.ActiveCfg = Debug|Any CPU
		{612C2779-5C1A-45BD-B832-28E7C947DEF7}.Debug|Any CPU.Build.0 = Debug|Any CPU
		{612C2779-5C1A-45BD-B832-28E7C947DEF7}.Release|Any CPU.ActiveCfg = Release|Any CPU
		{612C2779-5C1A-45BD-B832-28E7C947DEF7}.Release|Any CPU.Build.0 = Release|Any CPU
	EndGlobalSection
	GlobalSection(SolutionProperties) = preSolution
		HideSolutionNode = FALSE
	EndGlobalSection
	GlobalSection(ExtensibilityGlobals) = postSolution
		SolutionGuid = {09E5AC95-7077-469C-8B66-FA8CF646E538}
	EndGlobalSection
EndGlobal
